// !$*UTF8*$!
{
	archiveVersion = 1;
	classes = {
	};
	objectVersion = 48;
	objects = {

/* Begin PBXBuildFile section */
		34391EF91FC81445004CFAF0 /* MultiFieldCell.xib in Resources */ = {isa = PBXBuildFile; fileRef = 34391EF81FC81445004CFAF0 /* MultiFieldCell.xib */; };
		34391EFC1FC81755004CFAF0 /* MultiFieldCell.swift in Sources */ = {isa = PBXBuildFile; fileRef = 34391EFB1FC81755004CFAF0 /* MultiFieldCell.swift */; };
		34391EFE1FC81773004CFAF0 /* MultiFieldRow.swift in Sources */ = {isa = PBXBuildFile; fileRef = 34391EFD1FC81773004CFAF0 /* MultiFieldRow.swift */; };
		34391F021FC81878004CFAF0 /* AppDelegate.swift in Sources */ = {isa = PBXBuildFile; fileRef = 34391F011FC81878004CFAF0 /* AppDelegate.swift */; };
		34391F691FCC395A004CFAF0 /* SearchTextField.swift in Sources */ = {isa = PBXBuildFile; fileRef = 34391F681FCC395A004CFAF0 /* SearchTextField.swift */; };
		34391F6B1FCC4112004CFAF0 /* countries.json in Resources */ = {isa = PBXBuildFile; fileRef = 34391F6A1FCC4111004CFAF0 /* countries.json */; };
		348E29981FC80BF200BC158D /* ViewController.swift in Sources */ = {isa = PBXBuildFile; fileRef = 348E29971FC80BF200BC158D /* ViewController.swift */; };
		348E299B1FC80BF200BC158D /* Main.storyboard in Resources */ = {isa = PBXBuildFile; fileRef = 348E29991FC80BF200BC158D /* Main.storyboard */; };
		348E299D1FC80BF200BC158D /* Assets.xcassets in Resources */ = {isa = PBXBuildFile; fileRef = 348E299C1FC80BF200BC158D /* Assets.xcassets */; };
		348E29A01FC80BF300BC158D /* LaunchScreen.storyboard in Resources */ = {isa = PBXBuildFile; fileRef = 348E299E1FC80BF300BC158D /* LaunchScreen.storyboard */; };
		E814B9A51AB4471BF491C9FC /* Pods_MultiFieldRow.framework in Frameworks */ = {isa = PBXBuildFile; fileRef = E7E73B560F7CA1DA777B0C80 /* Pods_MultiFieldRow.framework */; };
/* End PBXBuildFile section */

/* Begin PBXFileReference section */
		240965CCB7C120D490FE37BC /* Pods-MultiFieldRow.debug.xcconfig */ = {isa = PBXFileReference; includeInIndex = 1; lastKnownFileType = text.xcconfig; name = "Pods-MultiFieldRow.debug.xcconfig"; path = "Pods/Target Support Files/Pods-MultiFieldRow/Pods-MultiFieldRow.debug.xcconfig"; sourceTree = "<group>"; };
		34391EF81FC81445004CFAF0 /* MultiFieldCell.xib */ = {isa = PBXFileReference; lastKnownFileType = file.xib; path = MultiFieldCell.xib; sourceTree = "<group>"; };
		34391EFB1FC81755004CFAF0 /* MultiFieldCell.swift */ = {isa = PBXFileReference; lastKnownFileType = sourcecode.swift; path = MultiFieldCell.swift; sourceTree = "<group>"; };
		34391EFD1FC81773004CFAF0 /* MultiFieldRow.swift */ = {isa = PBXFileReference; lastKnownFileType = sourcecode.swift; path = MultiFieldRow.swift; sourceTree = "<group>"; };
		34391F011FC81878004CFAF0 /* AppDelegate.swift */ = {isa = PBXFileReference; fileEncoding = 4; lastKnownFileType = sourcecode.swift; name = AppDelegate.swift; path = Resources/AppDelegate.swift; sourceTree = "<group>"; };
		34391F681FCC395A004CFAF0 /* SearchTextField.swift */ = {isa = PBXFileReference; fileEncoding = 4; lastKnownFileType = sourcecode.swift; path = SearchTextField.swift; sourceTree = "<group>"; };
		34391F6A1FCC4111004CFAF0 /* countries.json */ = {isa = PBXFileReference; fileEncoding = 4; lastKnownFileType = text.json; path = countries.json; sourceTree = "<group>"; };
		348E29921FC80BF200BC158D /* MultiFieldRow.app */ = {isa = PBXFileReference; explicitFileType = wrapper.application; includeInIndex = 0; path = MultiFieldRow.app; sourceTree = BUILT_PRODUCTS_DIR; };
		348E29971FC80BF200BC158D /* ViewController.swift */ = {isa = PBXFileReference; lastKnownFileType = sourcecode.swift; path = ViewController.swift; sourceTree = "<group>"; };
		348E299A1FC80BF200BC158D /* Base */ = {isa = PBXFileReference; lastKnownFileType = file.storyboard; name = Base; path = Base.lproj/Main.storyboard; sourceTree = "<group>"; };
		348E299C1FC80BF200BC158D /* Assets.xcassets */ = {isa = PBXFileReference; lastKnownFileType = folder.assetcatalog; path = Assets.xcassets; sourceTree = "<group>"; };
		348E299F1FC80BF300BC158D /* Base */ = {isa = PBXFileReference; lastKnownFileType = file.storyboard; name = Base; path = Base.lproj/LaunchScreen.storyboard; sourceTree = "<group>"; };
		348E29A11FC80BF300BC158D /* Info.plist */ = {isa = PBXFileReference; lastKnownFileType = text.plist.xml; path = Info.plist; sourceTree = "<group>"; };
		73F0EC040700575FD2BD1B27 /* Pods-MultiFieldRow.release.xcconfig */ = {isa = PBXFileReference; includeInIndex = 1; lastKnownFileType = text.xcconfig; name = "Pods-MultiFieldRow.release.xcconfig"; path = "Pods/Target Support Files/Pods-MultiFieldRow/Pods-MultiFieldRow.release.xcconfig"; sourceTree = "<group>"; };
		E7E73B560F7CA1DA777B0C80 /* Pods_MultiFieldRow.framework */ = {isa = PBXFileReference; explicitFileType = wrapper.framework; includeInIndex = 0; path = Pods_MultiFieldRow.framework; sourceTree = BUILT_PRODUCTS_DIR; };
/* End PBXFileReference section */

/* Begin PBXFrameworksBuildPhase section */
		348E298F1FC80BF200BC158D /* Frameworks */ = {
			isa = PBXFrameworksBuildPhase;
			buildActionMask = 2147483647;
			files = (
				E814B9A51AB4471BF491C9FC /* Pods_MultiFieldRow.framework in Frameworks */,
			);
			runOnlyForDeploymentPostprocessing = 0;
		};
/* End PBXFrameworksBuildPhase section */

/* Begin PBXGroup section */
		348E29891FC80BF200BC158D = {
			isa = PBXGroup;
			children = (
				348E29941FC80BF200BC158D /* MultiFieldRow */,
				348E29931FC80BF200BC158D /* Products */,
				4275EBB16B1519AFDD9A54BF /* Pods */,
				A25A52A79BDF7E065BB78068 /* Frameworks */,
			);
			sourceTree = "<group>";
		};
		348E29931FC80BF200BC158D /* Products */ = {
			isa = PBXGroup;
			children = (
				348E29921FC80BF200BC158D /* MultiFieldRow.app */,
			);
			name = Products;
			sourceTree = "<group>";
		};
		348E29941FC80BF200BC158D /* MultiFieldRow */ = {
			isa = PBXGroup;
			children = (
				34391F011FC81878004CFAF0 /* AppDelegate.swift */,
				34391EFB1FC81755004CFAF0 /* MultiFieldCell.swift */,
				34391EFD1FC81773004CFAF0 /* MultiFieldRow.swift */,
				34391F681FCC395A004CFAF0 /* SearchTextField.swift */,
				348E29971FC80BF200BC158D /* ViewController.swift */,
				348E29C41FC80D4700BC158D /* Resources */,
				348E29C31FC80D2A00BC158D /* Views */,
			);
			path = MultiFieldRow;
			sourceTree = "<group>";
		};
		348E29C31FC80D2A00BC158D /* Views */ = {
			isa = PBXGroup;
			children = (
				348E299E1FC80BF300BC158D /* LaunchScreen.storyboard */,
				348E29991FC80BF200BC158D /* Main.storyboard */,
				34391EF81FC81445004CFAF0 /* MultiFieldCell.xib */,
			);
			path = Views;
			sourceTree = "<group>";
		};
		348E29C41FC80D4700BC158D /* Resources */ = {
			isa = PBXGroup;
			children = (
				348E299C1FC80BF200BC158D /* Assets.xcassets */,
				34391F6A1FCC4111004CFAF0 /* countries.json */,
				348E29A11FC80BF300BC158D /* Info.plist */,
			);
			path = Resources;
			sourceTree = "<group>";
		};
		4275EBB16B1519AFDD9A54BF /* Pods */ = {
			isa = PBXGroup;
			children = (
				240965CCB7C120D490FE37BC /* Pods-MultiFieldRow.debug.xcconfig */,
				73F0EC040700575FD2BD1B27 /* Pods-MultiFieldRow.release.xcconfig */,
			);
			name = Pods;
			sourceTree = "<group>";
		};
		A25A52A79BDF7E065BB78068 /* Frameworks */ = {
			isa = PBXGroup;
			children = (
				E7E73B560F7CA1DA777B0C80 /* Pods_MultiFieldRow.framework */,
			);
			name = Frameworks;
			sourceTree = "<group>";
		};
/* End PBXGroup section */

/* Begin PBXNativeTarget section */
		348E29911FC80BF200BC158D /* MultiFieldRow */ = {
			isa = PBXNativeTarget;
			buildConfigurationList = 348E29BA1FC80BF300BC158D /* Build configuration list for PBXNativeTarget "MultiFieldRow" */;
			buildPhases = (
				E834411C3C1BC7E1346EAA5C /* [CP] Check Pods Manifest.lock */,
				348E298E1FC80BF200BC158D /* Sources */,
				348E298F1FC80BF200BC158D /* Frameworks */,
				348E29901FC80BF200BC158D /* Resources */,
				11A6EBB1E5DE14B07C8C3B5D /* [CP] Embed Pods Frameworks */,
			);
			buildRules = (
			);
			dependencies = (
			);
			name = MultiFieldRow;
			productName = MultiFieldRow;
			productReference = 348E29921FC80BF200BC158D /* MultiFieldRow.app */;
			productType = "com.apple.product-type.application";
		};
/* End PBXNativeTarget section */

/* Begin PBXProject section */
		348E298A1FC80BF200BC158D /* Project object */ = {
			isa = PBXProject;
			attributes = {
				LastSwiftUpdateCheck = 0910;
				LastUpgradeCheck = 1000;
				ORGANIZATIONNAME = "Andrey Zelenin";
				TargetAttributes = {
					348E29911FC80BF200BC158D = {
						CreatedOnToolsVersion = 9.1;
						LastSwiftMigration = 1020;
						ProvisioningStyle = Automatic;
					};
				};
			};
			buildConfigurationList = 348E298D1FC80BF200BC158D /* Build configuration list for PBXProject "MultiFieldRow" */;
			compatibilityVersion = "Xcode 8.0";
			developmentRegion = en;
			hasScannedForEncodings = 0;
			knownRegions = (
				en,
				Base,
			);
			mainGroup = 348E29891FC80BF200BC158D;
			productRefGroup = 348E29931FC80BF200BC158D /* Products */;
			projectDirPath = "";
			projectRoot = "";
			targets = (
				348E29911FC80BF200BC158D /* MultiFieldRow */,
			);
		};
/* End PBXProject section */

/* Begin PBXResourcesBuildPhase section */
		348E29901FC80BF200BC158D /* Resources */ = {
			isa = PBXResourcesBuildPhase;
			buildActionMask = 2147483647;
			files = (
				348E29A01FC80BF300BC158D /* LaunchScreen.storyboard in Resources */,
				348E299D1FC80BF200BC158D /* Assets.xcassets in Resources */,
				34391EF91FC81445004CFAF0 /* MultiFieldCell.xib in Resources */,
				34391F6B1FCC4112004CFAF0 /* countries.json in Resources */,
				348E299B1FC80BF200BC158D /* Main.storyboard in Resources */,
			);
			runOnlyForDeploymentPostprocessing = 0;
		};
/* End PBXResourcesBuildPhase section */

/* Begin PBXShellScriptBuildPhase section */
		11A6EBB1E5DE14B07C8C3B5D /* [CP] Embed Pods Frameworks */ = {
			isa = PBXShellScriptBuildPhase;
			buildActionMask = 2147483647;
			files = (
			);
			inputPaths = (
				"${PODS_ROOT}/Target Support Files/Pods-MultiFieldRow/Pods-MultiFieldRow-frameworks.sh",
				"${BUILT_PRODUCTS_DIR}/Eureka/Eureka.framework",
			);
			name = "[CP] Embed Pods Frameworks";
			outputPaths = (
				"${TARGET_BUILD_DIR}/${FRAMEWORKS_FOLDER_PATH}/Eureka.framework",
			);
			runOnlyForDeploymentPostprocessing = 0;
			shellPath = /bin/sh;
			shellScript = "\"${PODS_ROOT}/Target Support Files/Pods-MultiFieldRow/Pods-MultiFieldRow-frameworks.sh\"\n";
			showEnvVarsInLog = 0;
		};
		E834411C3C1BC7E1346EAA5C /* [CP] Check Pods Manifest.lock */ = {
			isa = PBXShellScriptBuildPhase;
			buildActionMask = 2147483647;
			files = (
			);
			inputPaths = (
				"${PODS_PODFILE_DIR_PATH}/Podfile.lock",
				"${PODS_ROOT}/Manifest.lock",
			);
			name = "[CP] Check Pods Manifest.lock";
			outputPaths = (
				"$(DERIVED_FILE_DIR)/Pods-MultiFieldRow-checkManifestLockResult.txt",
			);
			runOnlyForDeploymentPostprocessing = 0;
			shellPath = /bin/sh;
			shellScript = "diff \"${PODS_PODFILE_DIR_PATH}/Podfile.lock\" \"${PODS_ROOT}/Manifest.lock\" > /dev/null\nif [ $? != 0 ] ; then\n    # print error to STDERR\n    echo \"error: The sandbox is not in sync with the Podfile.lock. Run 'pod install' or update your CocoaPods installation.\" >&2\n    exit 1\nfi\n# This output is used by Xcode 'outputs' to avoid re-running this script phase.\necho \"SUCCESS\" > \"${SCRIPT_OUTPUT_FILE_0}\"\n";
			showEnvVarsInLog = 0;
		};
/* End PBXShellScriptBuildPhase section */

/* Begin PBXSourcesBuildPhase section */
		348E298E1FC80BF200BC158D /* Sources */ = {
			isa = PBXSourcesBuildPhase;
			buildActionMask = 2147483647;
			files = (
				34391F691FCC395A004CFAF0 /* SearchTextField.swift in Sources */,
				34391F021FC81878004CFAF0 /* AppDelegate.swift in Sources */,
				34391EFC1FC81755004CFAF0 /* MultiFieldCell.swift in Sources */,
				34391EFE1FC81773004CFAF0 /* MultiFieldRow.swift in Sources */,
				348E29981FC80BF200BC158D /* ViewController.swift in Sources */,
			);
			runOnlyForDeploymentPostprocessing = 0;
		};
/* End PBXSourcesBuildPhase section */

/* Begin PBXVariantGroup section */
		348E29991FC80BF200BC158D /* Main.storyboard */ = {
			isa = PBXVariantGroup;
			children = (
				348E299A1FC80BF200BC158D /* Base */,
			);
			name = Main.storyboard;
			sourceTree = "<group>";
		};
		348E299E1FC80BF300BC158D /* LaunchScreen.storyboard */ = {
			isa = PBXVariantGroup;
			children = (
				348E299F1FC80BF300BC158D /* Base */,
			);
			name = LaunchScreen.storyboard;
			sourceTree = "<group>";
		};
/* End PBXVariantGroup section */

/* Begin XCBuildConfiguration section */
		348E29B81FC80BF300BC158D /* Debug */ = {
			isa = XCBuildConfiguration;
			buildSettings = {
				ALWAYS_SEARCH_USER_PATHS = NO;
				CLANG_ANALYZER_NONNULL = YES;
				CLANG_ANALYZER_NUMBER_OBJECT_CONVERSION = YES_AGGRESSIVE;
				CLANG_CXX_LANGUAGE_STANDARD = "gnu++14";
				CLANG_CXX_LIBRARY = "libc++";
				CLANG_ENABLE_MODULES = YES;
				CLANG_ENABLE_OBJC_ARC = YES;
				CLANG_WARN_BLOCK_CAPTURE_AUTORELEASING = YES;
				CLANG_WARN_BOOL_CONVERSION = YES;
				CLANG_WARN_COMMA = YES;
				CLANG_WARN_CONSTANT_CONVERSION = YES;
				CLANG_WARN_DEPRECATED_OBJC_IMPLEMENTATIONS = YES;
				CLANG_WARN_DIRECT_OBJC_ISA_USAGE = YES_ERROR;
				CLANG_WARN_DOCUMENTATION_COMMENTS = YES;
				CLANG_WARN_EMPTY_BODY = YES;
				CLANG_WARN_ENUM_CONVERSION = YES;
				CLANG_WARN_INFINITE_RECURSION = YES;
				CLANG_WARN_INT_CONVERSION = YES;
				CLANG_WARN_NON_LITERAL_NULL_CONVERSION = YES;
				CLANG_WARN_OBJC_IMPLICIT_RETAIN_SELF = YES;
				CLANG_WARN_OBJC_LITERAL_CONVERSION = YES;
				CLANG_WARN_OBJC_ROOT_CLASS = YES_ERROR;
				CLANG_WARN_RANGE_LOOP_ANALYSIS = YES;
				CLANG_WARN_STRICT_PROTOTYPES = YES;
				CLANG_WARN_SUSPICIOUS_MOVE = YES;
				CLANG_WARN_UNGUARDED_AVAILABILITY = YES_AGGRESSIVE;
				CLANG_WARN_UNREACHABLE_CODE = YES;
				CLANG_WARN__DUPLICATE_METHOD_MATCH = YES;
				CODE_SIGN_IDENTITY = "iPhone Developer";
				COPY_PHASE_STRIP = NO;
				DEBUG_INFORMATION_FORMAT = dwarf;
				ENABLE_STRICT_OBJC_MSGSEND = YES;
				ENABLE_TESTABILITY = YES;
				GCC_C_LANGUAGE_STANDARD = gnu11;
				GCC_DYNAMIC_NO_PIC = NO;
				GCC_NO_COMMON_BLOCKS = YES;
				GCC_OPTIMIZATION_LEVEL = 0;
				GCC_PREPROCESSOR_DEFINITIONS = (
					"DEBUG=1",
					"$(inherited)",
				);
				GCC_WARN_64_TO_32_BIT_CONVERSION = YES;
				GCC_WARN_ABOUT_RETURN_TYPE = YES_ERROR;
				GCC_WARN_UNDECLARED_SELECTOR = YES;
				GCC_WARN_UNINITIALIZED_AUTOS = YES_AGGRESSIVE;
				GCC_WARN_UNUSED_FUNCTION = YES;
				GCC_WARN_UNUSED_VARIABLE = YES;
				IPHONEOS_DEPLOYMENT_TARGET = 10.0;
				MTL_ENABLE_DEBUG_INFO = YES;
				ONLY_ACTIVE_ARCH = YES;
				SDKROOT = iphoneos;
				SWIFT_ACTIVE_COMPILATION_CONDITIONS = DEBUG;
				SWIFT_OPTIMIZATION_LEVEL = "-Onone";
			};
			name = Debug;
		};
		348E29B91FC80BF300BC158D /* Release */ = {
			isa = XCBuildConfiguration;
			buildSettings = {
				ALWAYS_SEARCH_USER_PATHS = NO;
				CLANG_ANALYZER_NONNULL = YES;
				CLANG_ANALYZER_NUMBER_OBJECT_CONVERSION = YES_AGGRESSIVE;
				CLANG_CXX_LANGUAGE_STANDARD = "gnu++14";
				CLANG_CXX_LIBRARY = "libc++";
				CLANG_ENABLE_MODULES = YES;
				CLANG_ENABLE_OBJC_ARC = YES;
				CLANG_WARN_BLOCK_CAPTURE_AUTORELEASING = YES;
				CLANG_WARN_BOOL_CONVERSION = YES;
				CLANG_WARN_COMMA = YES;
				CLANG_WARN_CONSTANT_CONVERSION = YES;
				CLANG_WARN_DEPRECATED_OBJC_IMPLEMENTATIONS = YES;
				CLANG_WARN_DIRECT_OBJC_ISA_USAGE = YES_ERROR;
				CLANG_WARN_DOCUMENTATION_COMMENTS = YES;
				CLANG_WARN_EMPTY_BODY = YES;
				CLANG_WARN_ENUM_CONVERSION = YES;
				CLANG_WARN_INFINITE_RECURSION = YES;
				CLANG_WARN_INT_CONVERSION = YES;
				CLANG_WARN_NON_LITERAL_NULL_CONVERSION = YES;
				CLANG_WARN_OBJC_IMPLICIT_RETAIN_SELF = YES;
				CLANG_WARN_OBJC_LITERAL_CONVERSION = YES;
				CLANG_WARN_OBJC_ROOT_CLASS = YES_ERROR;
				CLANG_WARN_RANGE_LOOP_ANALYSIS = YES;
				CLANG_WARN_STRICT_PROTOTYPES = YES;
				CLANG_WARN_SUSPICIOUS_MOVE = YES;
				CLANG_WARN_UNGUARDED_AVAILABILITY = YES_AGGRESSIVE;
				CLANG_WARN_UNREACHABLE_CODE = YES;
				CLANG_WARN__DUPLICATE_METHOD_MATCH = YES;
				CODE_SIGN_IDENTITY = "iPhone Developer";
				COPY_PHASE_STRIP = NO;
				DEBUG_INFORMATION_FORMAT = "dwarf-with-dsym";
				ENABLE_NS_ASSERTIONS = NO;
				ENABLE_STRICT_OBJC_MSGSEND = YES;
				GCC_C_LANGUAGE_STANDARD = gnu11;
				GCC_NO_COMMON_BLOCKS = YES;
				GCC_WARN_64_TO_32_BIT_CONVERSION = YES;
				GCC_WARN_ABOUT_RETURN_TYPE = YES_ERROR;
				GCC_WARN_UNDECLARED_SELECTOR = YES;
				GCC_WARN_UNINITIALIZED_AUTOS = YES_AGGRESSIVE;
				GCC_WARN_UNUSED_FUNCTION = YES;
				GCC_WARN_UNUSED_VARIABLE = YES;
				IPHONEOS_DEPLOYMENT_TARGET = 10.0;
				MTL_ENABLE_DEBUG_INFO = NO;
				SDKROOT = iphoneos;
				SWIFT_OPTIMIZATION_LEVEL = "-Owholemodule";
				VALIDATE_PRODUCT = YES;
			};
			name = Release;
		};
		348E29BB1FC80BF300BC158D /* Debug */ = {
			isa = XCBuildConfiguration;
			baseConfigurationReference = 240965CCB7C120D490FE37BC /* Pods-MultiFieldRow.debug.xcconfig */;
			buildSettings = {
				ASSETCATALOG_COMPILER_APPICON_NAME = AppIcon;
				CODE_SIGN_STYLE = Automatic;
				DEVELOPMENT_TEAM = VCJG4B45FJ;
				INFOPLIST_FILE = "$(SRCROOT)/MultiFieldRow/Resources/Info.plist";
				IPHONEOS_DEPLOYMENT_TARGET = 10.0;
				LD_RUNPATH_SEARCH_PATHS = "$(inherited) @executable_path/Frameworks";
				PRODUCT_BUNDLE_IDENTIFIER = com.unvsoft.MultiFieldRow;
				PRODUCT_NAME = "$(TARGET_NAME)";
				SWIFT_VERSION = 5.0;
				TARGETED_DEVICE_FAMILY = "1,2";
			};
			name = Debug;
		};
		348E29BC1FC80BF300BC158D /* Release */ = {
			isa = XCBuildConfiguration;
			baseConfigurationReference = 73F0EC040700575FD2BD1B27 /* Pods-MultiFieldRow.release.xcconfig */;
			buildSettings = {
				ASSETCATALOG_COMPILER_APPICON_NAME = AppIcon;
				CODE_SIGN_STYLE = Automatic;
				DEVELOPMENT_TEAM = VCJG4B45FJ;
				INFOPLIST_FILE = "$(SRCROOT)/MultiFieldRow/Resources/Info.plist";
				IPHONEOS_DEPLOYMENT_TARGET = 10.0;
				LD_RUNPATH_SEARCH_PATHS = "$(inherited) @executable_path/Frameworks";
				PRODUCT_BUNDLE_IDENTIFIER = com.unvsoft.MultiFieldRow;
				PRODUCT_NAME = "$(TARGET_NAME)";
				SWIFT_VERSION = 5.0;
				TARGETED_DEVICE_FAMILY = "1,2";
			};
			name = Release;
		};
/* End XCBuildConfiguration section */

/* Begin XCConfigurationList section */
		348E298D1FC80BF200BC158D /* Build configuration list for PBXProject "MultiFieldRow" */ = {
			isa = XCConfigurationList;
			buildConfigurations = (
				348E29B81FC80BF300BC158D /* Debug */,
				348E29B91FC80BF300BC158D /* Release */,
			);
			defaultConfigurationIsVisible = 0;
			defaultConfigurationName = Release;
		};
		348E29BA1FC80BF300BC158D /* Build configuration list for PBXNativeTarget "MultiFieldRow" */ = {
			isa = XCConfigurationList;
			buildConfigurations = (
				348E29BB1FC80BF300BC158D /* Debug */,
				348E29BC1FC80BF300BC158D /* Release */,
			);
			defaultConfigurationIsVisible = 0;
			defaultConfigurationName = Release;
		};
/* End XCConfigurationList section */
	};
	rootObject = 348E298A1FC80BF200BC158D /* Project object */;
}
